
Microsoft Visual Studio Solution File, Format Version 12.00
# Visual Studio Version 17
VisualStudioVersion = 17.9.34701.34
MinimumVisualStudioVersion = 10.0.40219.1
Project("{8BC9CEB8-8B4A-11D0-8D11-00A0C91BC942}") = "Lexer", "Lexer\Lexer.vcxproj", "{5DE1911A-827F-41A4-B8F6-28B360A9635F}"
EndProject
Global
	GlobalSection(SolutionConfigurationPlatforms) = preSolution
		Debug|x64 = Debug|x64
		Debug|x86 = Debug|x86
		Release|x64 = Release|x64
		Release|x86 = Release|x86
	EndGlobalSection
	GlobalSection(ProjectConfigurationPlatforms) = postSolution
		{5DE1911A-827F-41A4-B8F6-28B360A9635F}.Debug|x64.ActiveCfg = Debug|x64
		{5DE1911A-827F-41A4-B8F6-28B360A9635F}.Debug|x64.Build.0 = Debug|x64
		{5DE1911A-827F-41A4-B8F6-28B360A9635F}.Debug|x86.ActiveCfg = Debug|Win32
		{5DE1911A-827F-41A4-B8F6-28B360A9635F}.Debug|x86.Build.0 = Debug|Win32
		{5DE1911A-827F-41A4-B8F6-28B360A9635F}.Release|x64.ActiveCfg = Release|x64
		{5DE1911A-827F-41A4-B8F6-28B360A9635F}.Release|x64.Build.0 = Release|x64
		{5DE1911A-827F-41A4-B8F6-28B360A9635F}.Release|x86.ActiveCfg = Release|Win32
		{5DE1911A-827F-41A4-B8F6-28B360A9635F}.Release|x86.Build.0 = Release|Win32
	EndGlobalSection
	GlobalSection(SolutionProperties) = preSolution
		HideSolutionNode = FALSE
	EndGlobalSection
	GlobalSection(ExtensibilityGlobals) = postSolution
		SolutionGuid = {08446B41-2CCA-47C4-A0F5-AD5DF0F7AAE7}
	EndGlobalSection
EndGlobal
